
Microsoft Visual Studio Solution File, Format Version 12.00
# Visual Studio Version 16
VisualStudioVersion = 16.0.31613.86
MinimumVisualStudioVersion = 10.0.40219.1
Project("{FAE04EC0-301F-11D3-BF4B-00C04F79EFBC}") = "FFWarhammer40kRPGCharacterSheet", "FFWarhammer40kRPGCharacterSheet\FFWarhammer40kRPGCharacterSheet.csproj", "{4C266EA7-5282-4C43-B951-C45021C16E6C}"
EndProject
Global
	GlobalSection(SolutionConfigurationPlatforms) = preSolution
		Debug|Any CPU = Debug|Any CPU
		Release|Any CPU = Release|Any CPU
	EndGlobalSection
	GlobalSection(ProjectConfigurationPlatforms) = postSolution
		{4C266EA7-5282-4C43-B951-C45021C16E6C}.Debug|Any CPU.ActiveCfg = Debug|Any CPU
		{4C266EA7-5282-4C43-B951-C45021C16E6C}.Debug|Any CPU.Build.0 = Debug|Any CPU
		{4C266EA7-5282-4C43-B951-C45021C16E6C}.Release|Any CPU.ActiveCfg = Release|Any CPU
		{4C266EA7-5282-4C43-B951-C45021C16E6C}.Release|Any CPU.Build.0 = Release|Any CPU
	EndGlobalSection
	GlobalSection(SolutionProperties) = preSolution
		HideSolutionNode = FALSE
	EndGlobalSection
	GlobalSection(ExtensibilityGlobals) = postSolution
		SolutionGuid = {D1B66902-4FE1-45DE-BB3C-ED9198333154}
	EndGlobalSection
EndGlobal
